
Microsoft Visual Studio Solution File, Format Version 12.00
# Visual Studio 14
VisualStudioVersion = 14.0.24720.0
MinimumVisualStudioVersion = 10.0.40219.1
Project("{2150E333-8FDC-42A3-9474-1A3956D46DE8}") = "WindowsDesktop", "WindowsDesktop", "{53636760-A430-470B-B7F7-7FFF5456C95B}"
EndProject
Project("{FAE04EC0-301F-11D3-BF4B-00C04F79EFBC}") = "ArcGISRuntime.Toolkit.Samples.Desktop", "WinDesktop\ArcGISRuntime.Toolkit.Samples\ArcGISRuntime.Toolkit.Samples.Desktop.csproj", "{50F9230C-DE67-4EC9-8448-E92E144C088C}"
EndProject
Project("{FAE04EC0-301F-11D3-BF4B-00C04F79EFBC}") = "ArcGISRuntime.Toolkit.DesktopSampleViewer", "WinDesktop\ArcGISRuntime.Toolkit.DesktopSampleViewer\ArcGISRuntime.Toolkit.DesktopSampleViewer.csproj", "{39DE280E-2709-4C05-8F0C-01F8774D73C7}"
EndProject
Project("{2150E333-8FDC-42A3-9474-1A3956D46DE8}") = "Esri.ArcGISRuntime.Toolkit", "Esri.ArcGISRuntime.Toolkit", "{59ED6EDD-0459-4473-8BAF-A48E908E8DFB}"
EndProject
Project("{D954291E-2A0B-460D-934E-DC6B0785DB48}") = "Esri.ArcGISRuntime.Toolkit.Shared", "..\src\Common\Esri.ArcGISRuntime.Toolkit\Esri.ArcGISRuntime.Toolkit.Shared.shproj", "{9BEAB511-E16F-4651-A7CE-96A9F69D609B}"
EndProject
Project("{FAE04EC0-301F-11D3-BF4B-00C04F79EFBC}") = "Esri.ArcGISRuntime.Toolkit.WindowsDesktop", "..\src\WinDesktop\Esri.ArcGISRuntime.Toolkit\Esri.ArcGISRuntime.Toolkit.WindowsDesktop.csproj", "{1E83C102-5C9D-4A6C-B5B8-9A9202249262}"
EndProject
Global
	GlobalSection(SharedMSBuildProjectFiles) = preSolution
		..\src\Common\Esri.ArcGISRuntime.Toolkit\Esri.ArcGISRuntime.Toolkit.Shared.projitems*{1e83c102-5c9d-4a6c-b5b8-9a9202249262}*SharedItemsImports = 4
		..\src\Common\Esri.ArcGISRuntime.Toolkit\Esri.ArcGISRuntime.Toolkit.Shared.projitems*{9beab511-e16f-4651-a7ce-96a9f69d609b}*SharedItemsImports = 13
	EndGlobalSection
	GlobalSection(SolutionConfigurationPlatforms) = preSolution
		Debug|ARM = Debug|ARM
		Debug|x64 = Debug|x64
		Debug|x86 = Debug|x86
		Release|ARM = Release|ARM
		Release|x64 = Release|x64
		Release|x86 = Release|x86
	EndGlobalSection
	GlobalSection(ProjectConfigurationPlatforms) = postSolution
		{50F9230C-DE67-4EC9-8448-E92E144C088C}.Debug|ARM.ActiveCfg = Debug|Any CPU
		{50F9230C-DE67-4EC9-8448-E92E144C088C}.Debug|x64.ActiveCfg = Debug|Any CPU
		{50F9230C-DE67-4EC9-8448-E92E144C088C}.Debug|x64.Build.0 = Debug|Any CPU
		{50F9230C-DE67-4EC9-8448-E92E144C088C}.Debug|x86.ActiveCfg = Debug|Any CPU
		{50F9230C-DE67-4EC9-8448-E92E144C088C}.Debug|x86.Build.0 = Debug|Any CPU
		{50F9230C-DE67-4EC9-8448-E92E144C088C}.Release|ARM.ActiveCfg = Release|Any CPU
		{50F9230C-DE67-4EC9-8448-E92E144C088C}.Release|x64.ActiveCfg = Release|Any CPU
		{50F9230C-DE67-4EC9-8448-E92E144C088C}.Release|x64.Build.0 = Release|Any CPU
		{50F9230C-DE67-4EC9-8448-E92E144C088C}.Release|x86.ActiveCfg = Release|Any CPU
		{50F9230C-DE67-4EC9-8448-E92E144C088C}.Release|x86.Build.0 = Release|Any CPU
		{39DE280E-2709-4C05-8F0C-01F8774D73C7}.Debug|ARM.ActiveCfg = Debug|Any CPU
		{39DE280E-2709-4C05-8F0C-01F8774D73C7}.Debug|x64.ActiveCfg = Debug|Any CPU
		{39DE280E-2709-4C05-8F0C-01F8774D73C7}.Debug|x64.Build.0 = Debug|Any CPU
		{39DE280E-2709-4C05-8F0C-01F8774D73C7}.Debug|x86.ActiveCfg = Debug|Any CPU
		{39DE280E-2709-4C05-8F0C-01F8774D73C7}.Debug|x86.Build.0 = Debug|Any CPU
		{39DE280E-2709-4C05-8F0C-01F8774D73C7}.Release|ARM.ActiveCfg = Release|Any CPU
		{39DE280E-2709-4C05-8F0C-01F8774D73C7}.Release|x64.ActiveCfg = Release|Any CPU
		{39DE280E-2709-4C05-8F0C-01F8774D73C7}.Release|x64.Build.0 = Release|Any CPU
		{39DE280E-2709-4C05-8F0C-01F8774D73C7}.Release|x86.ActiveCfg = Release|Any CPU
		{39DE280E-2709-4C05-8F0C-01F8774D73C7}.Release|x86.Build.0 = Release|Any CPU
		{1E83C102-5C9D-4A6C-B5B8-9A9202249262}.Debug|ARM.ActiveCfg = Debug|Any CPU
		{1E83C102-5C9D-4A6C-B5B8-9A9202249262}.Debug|x64.ActiveCfg = Debug|Any CPU
		{1E83C102-5C9D-4A6C-B5B8-9A9202249262}.Debug|x64.Build.0 = Debug|Any CPU
		{1E83C102-5C9D-4A6C-B5B8-9A9202249262}.Debug|x86.ActiveCfg = Debug|Any CPU
		{1E83C102-5C9D-4A6C-B5B8-9A9202249262}.Debug|x86.Build.0 = Debug|Any CPU
		{1E83C102-5C9D-4A6C-B5B8-9A9202249262}.Release|ARM.ActiveCfg = Release|Any CPU
		{1E83C102-5C9D-4A6C-B5B8-9A9202249262}.Release|ARM.Build.0 = Release|Any CPU
		{1E83C102-5C9D-4A6C-B5B8-9A9202249262}.Release|x64.ActiveCfg = Release|Any CPU
		{1E83C102-5C9D-4A6C-B5B8-9A9202249262}.Release|x64.Build.0 = Release|Any CPU
		{1E83C102-5C9D-4A6C-B5B8-9A9202249262}.Release|x86.ActiveCfg = Release|Any CPU
		{1E83C102-5C9D-4A6C-B5B8-9A9202249262}.Release|x86.Build.0 = Release|Any CPU
	EndGlobalSection
	GlobalSection(SolutionProperties) = preSolution
		HideSolutionNode = FALSE
	EndGlobalSection
	GlobalSection(NestedProjects) = preSolution
		{50F9230C-DE67-4EC9-8448-E92E144C088C} = {53636760-A430-470B-B7F7-7FFF5456C95B}
		{39DE280E-2709-4C05-8F0C-01F8774D73C7} = {53636760-A430-470B-B7F7-7FFF5456C95B}
		{9BEAB511-E16F-4651-A7CE-96A9F69D609B} = {59ED6EDD-0459-4473-8BAF-A48E908E8DFB}
		{1E83C102-5C9D-4A6C-B5B8-9A9202249262} = {59ED6EDD-0459-4473-8BAF-A48E908E8DFB}
	EndGlobalSection
EndGlobal
